{
  "name": "discord-rpc",
  "version": "1.0.0",
  "lockfileVersion": 1,
  "requires": true,
  "dependencies": {
    "discord-rpc": {
      "version": "git+https://github.com/discordjs/RPC.git#cbdd31f98b20de0222a793ae0b14018f8119cfb2",
      "from": "git+https://github.com/discordjs/RPC.git",
      "requires": {
        "node-fetch": "^2.x",
        "ws": "^7.x"
      }
    },
    "node-fetch": {
      "version": "2.x",
      "resolved": "https://registry.npmjs.org/node-fetch/-/node-fetch-2.6.1.tgz",
      "integrity": "sha512-V4aYg89jEoVRxRb2fJdAg8FHvI7cEyYdVAh94HH0UIK8oJxUfkjlDQN9RbMx+bEjP7+ggMiFRprSti032Oipxw=="
    },
    "ws": {
      "version": "7.x",
      "resolved": "https://registry.npmjs.org/ws/-/ws-7.4.2.tgz",
      "integrity": "sha512-T4tewALS3+qsrpGI/8dqNMLIVdq/g/85U98HPMa6F0m6xTbvhXU6RCQLqPH3+SlomNV/LdY6RXEbBpMH6EOJnA=="
    }
  }
}
